{
  "name": "@fabrigeas/ts-boilerplate",
  "version": "2.0.0",
  "lockfileVersion": 2,
  "requires": true,
  "packages": {
    "": {
      "name": "@fabrigeas/ts-boilerplate",
      "version": "2.0.0",
      "license": "ISC",
      "dependencies": {
        "@fabrigeas/ts-boilerplate": "^2.0.0",
        "ts-boilerplate": "^1.0.1"
      },
      "bin": {
        "main": "install.sh"
      },
      "devDependencies": {}
    },
    "node_modules/@fabrigeas/ts-boilerplate": {
      "version": "2.0.0",
      "resolved": "https://registry.npmjs.org/@fabrigeas/ts-boilerplate/-/ts-boilerplate-2.0.0.tgz",
      "integrity": "sha512-CRnY1S9npVBg1TiBsLubKFkgwyIEEfRJs+ZSi8U2g/QFESlbfiMHvhlmzZjSDrUCW90Hsnln2AZxFvmG+YXWHQ==",
      "dependencies": {
        "ts-boilerplate": "^1.0.1"
      },
      "bin": {
        "main": "install.sh"
      }
    },
    "node_modules/ts-boilerplate": {
      "version": "1.0.1",
      "resolved": "https://registry.npmjs.org/ts-boilerplate/-/ts-boilerplate-1.0.1.tgz",
      "integrity": "sha512-P0tX7V7kczh7qV7T29zqP1/gPQGsuR040F2lhh0QpCVCj+t8J3Oet3E9LFihy777o/+tkdx4RYGYFmyPIXXKaw=="
    }
  },
  "dependencies": {
    "@fabrigeas/ts-boilerplate": {
      "version": "2.0.0",
      "resolved": "https://registry.npmjs.org/@fabrigeas/ts-boilerplate/-/ts-boilerplate-2.0.0.tgz",
      "integrity": "sha512-CRnY1S9npVBg1TiBsLubKFkgwyIEEfRJs+ZSi8U2g/QFESlbfiMHvhlmzZjSDrUCW90Hsnln2AZxFvmG+YXWHQ==",
      "requires": {
        "ts-boilerplate": "^1.0.1"
      }
    },
    "ts-boilerplate": {
      "version": "1.0.1",
      "resolved": "https://registry.npmjs.org/ts-boilerplate/-/ts-boilerplate-1.0.1.tgz",
      "integrity": "sha512-P0tX7V7kczh7qV7T29zqP1/gPQGsuR040F2lhh0QpCVCj+t8J3Oet3E9LFihy777o/+tkdx4RYGYFmyPIXXKaw=="
    }
  }
}
